
Microsoft Visual Studio Solution File, Format Version 12.00
Project("{FAE04EC0-301F-11D3-BF4B-00C04F79EFBC}") = "DigitalLogicSimulator", "DigitalLogicSimulator\DigitalLogicSimulator.csproj", "{F78A61F5-03B5-4997-A5FD-B510CCE006A9}"
EndProject
Project("{FAE04EC0-301F-11D3-BF4B-00C04F79EFBC}") = "SimulatorTester", "SimulatorTester\SimulatorTester.csproj", "{7FCE0FCD-D963-49A5-9542-20C6F223C588}"
EndProject
Global
	GlobalSection(SolutionConfigurationPlatforms) = preSolution
		Debug|Any CPU = Debug|Any CPU
		Release|Any CPU = Release|Any CPU
	EndGlobalSection
	GlobalSection(ProjectConfigurationPlatforms) = postSolution
		{F78A61F5-03B5-4997-A5FD-B510CCE006A9}.Debug|Any CPU.ActiveCfg = Debug|Any CPU
		{F78A61F5-03B5-4997-A5FD-B510CCE006A9}.Debug|Any CPU.Build.0 = Debug|Any CPU
		{F78A61F5-03B5-4997-A5FD-B510CCE006A9}.Release|Any CPU.ActiveCfg = Release|Any CPU
		{F78A61F5-03B5-4997-A5FD-B510CCE006A9}.Release|Any CPU.Build.0 = Release|Any CPU
		{7FCE0FCD-D963-49A5-9542-20C6F223C588}.Debug|Any CPU.ActiveCfg = Debug|Any CPU
		{7FCE0FCD-D963-49A5-9542-20C6F223C588}.Debug|Any CPU.Build.0 = Debug|Any CPU
		{7FCE0FCD-D963-49A5-9542-20C6F223C588}.Release|Any CPU.ActiveCfg = Release|Any CPU
		{7FCE0FCD-D963-49A5-9542-20C6F223C588}.Release|Any CPU.Build.0 = Release|Any CPU
	EndGlobalSection
EndGlobal
